
Microsoft Visual Studio Solution File, Format Version 12.00
Project("{FAE04EC0-301F-11D3-BF4B-00C04F79EFBC}") = "Mag.Web", "Mag.Web\Mag.Web.csproj", "{D8205462-65F5-479B-87D1-9D77EAE6A4C6}"
EndProject
Project("{FAE04EC0-301F-11D3-BF4B-00C04F79EFBC}") = "Mag.DAL", "Mag.DAL\Mag.DAL.csproj", "{7D8687FB-5F72-4289-B486-302A376B2F1D}"
EndProject
Project("{FAE04EC0-301F-11D3-BF4B-00C04F79EFBC}") = "Mag.Common", "Mag.Common\Mag.Common.csproj", "{9C0EFD8A-2E41-40DF-8D03-9E17890229F2}"
EndProject
Project("{FAE04EC0-301F-11D3-BF4B-00C04F79EFBC}") = "Mag.BL", "Mag.BL\Mag.BL.csproj", "{392C43CD-B8B3-44F2-A829-D2E66EFB49EC}"
EndProject
Global
	GlobalSection(SolutionConfigurationPlatforms) = preSolution
		Debug|Any CPU = Debug|Any CPU
		Release|Any CPU = Release|Any CPU
	EndGlobalSection
	GlobalSection(ProjectConfigurationPlatforms) = postSolution
		{D8205462-65F5-479B-87D1-9D77EAE6A4C6}.Debug|Any CPU.ActiveCfg = Debug|Any CPU
		{D8205462-65F5-479B-87D1-9D77EAE6A4C6}.Debug|Any CPU.Build.0 = Debug|Any CPU
		{D8205462-65F5-479B-87D1-9D77EAE6A4C6}.Release|Any CPU.ActiveCfg = Release|Any CPU
		{D8205462-65F5-479B-87D1-9D77EAE6A4C6}.Release|Any CPU.Build.0 = Release|Any CPU
		{7D8687FB-5F72-4289-B486-302A376B2F1D}.Debug|Any CPU.ActiveCfg = Debug|Any CPU
		{7D8687FB-5F72-4289-B486-302A376B2F1D}.Debug|Any CPU.Build.0 = Debug|Any CPU
		{7D8687FB-5F72-4289-B486-302A376B2F1D}.Release|Any CPU.ActiveCfg = Release|Any CPU
		{7D8687FB-5F72-4289-B486-302A376B2F1D}.Release|Any CPU.Build.0 = Release|Any CPU
		{9C0EFD8A-2E41-40DF-8D03-9E17890229F2}.Debug|Any CPU.ActiveCfg = Debug|Any CPU
		{9C0EFD8A-2E41-40DF-8D03-9E17890229F2}.Debug|Any CPU.Build.0 = Debug|Any CPU
		{9C0EFD8A-2E41-40DF-8D03-9E17890229F2}.Release|Any CPU.ActiveCfg = Release|Any CPU
		{9C0EFD8A-2E41-40DF-8D03-9E17890229F2}.Release|Any CPU.Build.0 = Release|Any CPU
		{392C43CD-B8B3-44F2-A829-D2E66EFB49EC}.Debug|Any CPU.ActiveCfg = Debug|Any CPU
		{392C43CD-B8B3-44F2-A829-D2E66EFB49EC}.Debug|Any CPU.Build.0 = Debug|Any CPU
		{392C43CD-B8B3-44F2-A829-D2E66EFB49EC}.Release|Any CPU.ActiveCfg = Release|Any CPU
		{392C43CD-B8B3-44F2-A829-D2E66EFB49EC}.Release|Any CPU.Build.0 = Release|Any CPU
	EndGlobalSection
EndGlobal
